// !$*UTF8*$!
{
	archiveVersion = 1;
	classes = {
	};
	objectVersion = 46;
	objects = {

/* Begin PBXBuildFile section */
		0087D25512CD809F002CD69F /* CoreText.framework in Frameworks */ = {isa = PBXBuildFile; fileRef = 0087D25412CD809F002CD69F /* CoreText.framework */; };
		00CFDF6B1138442D0091E310 /* CoreGraphics.framework in Frameworks */ = {isa = PBXBuildFile; fileRef = 00CFDF6A1138442D0091E310 /* CoreGraphics.framework */; };
		C725E001121DAC8FFFFA18FF /* ImageIO.framework in Frameworks */ = {isa = PBXBuildFile; fileRef = 00CFDF6A1138442D0091FFFF /* ImageIO.framework */; };
		DDDDE001121DAC8FFFFADDDD /* MobileCoreServices.framework in Frameworks */ = {isa = PBXBuildFile; fileRef = DDDDDF6A1138442D0091DDDD /* MobileCoreServices.framework */; };
		1D60589F0D05DD5A006BFB54 /* Foundation.framework in Frameworks */ = {isa = PBXBuildFile; fileRef = 1D30AB110D05D00D00671497 /* Foundation.framework */; };
		1DF5F4E00D08C38300B7A737 /* UIKit.framework in Frameworks */ = {isa = PBXBuildFile; fileRef = 1DF5F4DF0D08C38300B7A737 /* UIKit.framework */; };
		28FD15000DC6FC520079059D /* OpenGLES.framework in Frameworks */ = {isa = PBXBuildFile; fileRef = 28FD14FF0DC6FC520079059D /* OpenGLES.framework */; };
		28FD15080DC6FC5B0079059D /* QuartzCore.framework in Frameworks */ = {isa = PBXBuildFile; fileRef = 28FD15070DC6FC5B0079059D /* QuartzCore.framework */; };
		C725DFFE121DAC7F00FA186B /* CoreMedia.framework in Frameworks */ = {isa = PBXBuildFile; fileRef = C727C02B121B400300192073 /* CoreMedia.framework */; settings = {
	ATTRIBUTES = (
		Weak,
	);
}; };
		C725E001121DAC8F00FA186B /* AVFoundation.framework in Frameworks */ = {isa = PBXBuildFile; fileRef = C725E000121DAC8F00FA186B /* AVFoundation.framework */; settings = {
	ATTRIBUTES = (
		Weak,
	);
}; };
		C727C02E121B400300192073 /* CoreVideo.framework in Frameworks */ = {isa = PBXBuildFile; fileRef = C727C02D121B400300192073 /* CoreVideo.framework */; settings = {
	ATTRIBUTES = (
		Weak,
	);
}; };
		C7FB19D6124BC0D70045AFD2 /* AudioToolbox.framework in Frameworks */ = {isa = PBXBuildFile; fileRef = C7FB19D5124BC0D70045AFD2 /* AudioToolbox.framework */; };
		00A66A361965AC8800B17EB3 /* Accelerate.framework in Frameworks */ = {isa = PBXBuildFile; fileRef = 00A66A351965AC8800B17EB3 /* Accelerate.framework */; };
		00748058165D41390024B57A /* assets in Resources */ = {isa = PBXBuildFile; fileRef = 00748057165D41390024B57A /* assets */; };
		9DB98A4C97484895BC0AD3AE /* ProtocolInterface.cpp in Sources */ = {isa = PBXBuildFile; fileRef = AFAAAB6227CD497BAA3472CD /* ProtocolInterface.cpp */; };
		8E3E9AB8EB1844F0A3F0056D /* KeyValuePairInterface.cpp in Sources */ = {isa = PBXBuildFile; fileRef = 9700B9B347A94B369AE9CE9F /* KeyValuePairInterface.cpp */; };
		713091143EAA4AD8A2D5CB79 /* HttpResponse.cpp in Sources */ = {isa = PBXBuildFile; fileRef = 10825893AAC94343AC96386E /* HttpResponse.cpp */; };
		9539C2D2D5C34864838BA9EC /* HttpRequest.cpp in Sources */ = {isa = PBXBuildFile; fileRef = 07C832CE3B8144BF94568273 /* HttpRequest.cpp */; };
		3781A01AE0774EE19B8D35AE /* HttpInterface.cpp in Sources */ = {isa = PBXBuildFile; fileRef = 913541FF1F564EA98BEF04EC /* HttpInterface.cpp */; };
		E7E7375D0D844D6FAB46AF2F /* HeaderInterface.cpp in Sources */ = {isa = PBXBuildFile; fileRef = 792916AAC48845EA9C1D096C /* HeaderInterface.cpp */; };
		5C3426E28D9E40C19339D0EA /* FtpResponse.cpp in Sources */ = {isa = PBXBuildFile; fileRef = D059F560CA204E3B84C58884 /* FtpResponse.cpp */; };
		78E44F66BDB84DE29FF2D25F /* FtpRequest.cpp in Sources */ = {isa = PBXBuildFile; fileRef = 40E94AB1F4014500983F80B3 /* FtpRequest.cpp */; };
		818CA6ED24124E3A99E41B28 /* FtpInterface.cpp in Sources */ = {isa = PBXBuildFile; fileRef = B17504C15D114925BB74A85A /* FtpInterface.cpp */; };
		AAC3282A20294DEB9C8A4A5D /* BodyInterface.cpp in Sources */ = {isa = PBXBuildFile; fileRef = 85452472B61048D4BD73F8C9 /* BodyInterface.cpp */; };
		EBD968A582564B97B16089C3 /* ProtocolInterface.h in Headers */ = {isa = PBXBuildFile; fileRef = E56259538A344D678C3C1EFD /* ProtocolInterface.h */; };
		516B6A421C8E4944AB8042E0 /* KeyValuePairInterface.h in Headers */ = {isa = PBXBuildFile; fileRef = FAABE9FB43794DEE9E8ECA88 /* KeyValuePairInterface.h */; };
		7A0C20EF3DC0410CB9DCF5B6 /* HttpResponse.h in Headers */ = {isa = PBXBuildFile; fileRef = E8DE1782EC96464B830DE3C4 /* HttpResponse.h */; };
		A02EC67CEA1C4405BE2C989A /* HttpRequest.h in Headers */ = {isa = PBXBuildFile; fileRef = 7083043B61B94DA4BFF75412 /* HttpRequest.h */; };
		75B6BF44E83F495C97FA6A76 /* HttpInterface.h in Headers */ = {isa = PBXBuildFile; fileRef = 28402E937C224246BBF60273 /* HttpInterface.h */; };
		BE36386A054B4D0B90CEA976 /* HeaderInterface.h in Headers */ = {isa = PBXBuildFile; fileRef = BA47B550CCB145C59FEDE1EC /* HeaderInterface.h */; };
		DA18241F3F314FBDA9DBD305 /* FtpResponse.h in Headers */ = {isa = PBXBuildFile; fileRef = 890F541255C64DF7B6C0EA56 /* FtpResponse.h */; };
		5D02F7B4840B49B5B7A9E10C /* FtpRequest.h in Headers */ = {isa = PBXBuildFile; fileRef = 48F2C043D3874A25AF7D9C17 /* FtpRequest.h */; };
		19C7795FD2D24024A0E77AC8 /* FtpInterface.h in Headers */ = {isa = PBXBuildFile; fileRef = 94AD1087799B419DA8A8C4BE /* FtpInterface.h */; };
		7D32D8AAC2A44B0D9B54A786 /* BodyInterface.h in Headers */ = {isa = PBXBuildFile; fileRef = 5DB6A8DE089549A2BCDF195F /* BodyInterface.h */; };
		8C09751F64EA49F98C8387C5 /* UrlRequest.cpp in Sources */ = {isa = PBXBuildFile; fileRef = 0436EA4462E54A799D3DC826 /* UrlRequest.cpp */; };
		2918C21FB28E46F685EC9D67 /* ThreadManager.cpp in Sources */ = {isa = PBXBuildFile; fileRef = D9FD0AEB3F4249068029B100 /* ThreadManager.cpp */; };
		0C97D93C1D3343D4A6722E39 /* UrlRequest.h in Headers */ = {isa = PBXBuildFile; fileRef = 3E2760137618470ABBB02A9E /* UrlRequest.h */; };
		3B0836963B7F45348B48D94E /* ThreadManager.h in Headers */ = {isa = PBXBuildFile; fileRef = 2BB64FC40BAF42B8B1B40036 /* ThreadManager.h */; };
		8F46D3F888FC4483BE422453 /* GAScreenView.hpp in Sources */ = {isa = PBXBuildFile; fileRef = 89DD485F815342329373C6D8 /* GAScreenView.hpp */; };
		A60B85032CCC4DF782F6E38B /* GAHit.hpp in Sources */ = {isa = PBXBuildFile; fileRef = 024FD47DE3D347DAB56DF165 /* GAHit.hpp */; };
		EEAD825CEEAE41D9ACA0441F /* GAEvent.hpp in Sources */ = {isa = PBXBuildFile; fileRef = F8A9E2CBEAC24795B9F39379 /* GAEvent.hpp */; };
		E176A02219AB47088386CC61 /* GABatch.hpp in Sources */ = {isa = PBXBuildFile; fileRef = 02059A34F65E48C89627582D /* GABatch.hpp */; };
		9EE7BD0AF9B340AEB89EEB96 /* AnalyticsClient.cpp in Sources */ = {isa = PBXBuildFile; fileRef = 75AF75005FBC46CFB219B8F0 /* AnalyticsClient.cpp */; };
		4AAB96B50D874BE4A7F0D873 /* AnalyticsClient.h in Headers */ = {isa = PBXBuildFile; fileRef = 3DE948953CE940B38C2F669B /* AnalyticsClient.h */; };
		BBAC527E553C406680054AD1 /* AnalyticsSample_Prefix.pch in Headers */ = {isa = PBXBuildFile; fileRef = B4A4761A7157433EB0AB69B1 /* AnalyticsSample_Prefix.pch */; };
		12D05A9C776E4C51B11C3F12 /* LaunchScreen.xib in Resources */ = {isa = PBXBuildFile; fileRef = FDC20C513FD9453D888772FF /* LaunchScreen.xib */; };
		E206D84C87BF4476A69ACD7C /* Images.xcassets in Resources */ = {isa = PBXBuildFile; fileRef = FCA3AEEF8E0C4FE2B16D2278 /* Images.xcassets */; };
		2951DB3D4D8449388A7EE019 /* CinderApp_ios.png in Resources */ = {isa = PBXBuildFile; fileRef = 69B789FBDDAB4AD09F25B7F4 /* CinderApp_ios.png */; };
		0A6DC24BC05B4CF59D0CB480 /* Resources.h in Headers */ = {isa = PBXBuildFile; fileRef = 235C09350A7D48598FE02743 /* Resources.h */; };
		BF9AEFD6711F4D2580C1711C /* AnalyticsSampleApp.cpp in Sources */ = {isa = PBXBuildFile; fileRef = 0AB6CBD49786400EABF8BBF2 /* AnalyticsSampleApp.cpp */; };
/* End PBXBuildFile section */

/* Begin PBXFileReference section */
		00692BCF14FF149000D0A05E /* AnalyticsSample.app */ = {isa = PBXFileReference; explicitFileType = wrapper.application; includeInIndex = 0; path = AnalyticsSample.app; sourceTree = BUILT_PRODUCTS_DIR; };
		0087D25412CD809F002CD69F /* CoreText.framework */ = {isa = PBXFileReference; lastKnownFileType = wrapper.framework; name = CoreText.framework; path = System/Library/Frameworks/CoreText.framework; sourceTree = SDKROOT; };
		00CFDF6A1138442D0091E310 /* CoreGraphics.framework */ = {isa = PBXFileReference; lastKnownFileType = wrapper.framework; name = CoreGraphics.framework; path = System/Library/Frameworks/CoreGraphics.framework; sourceTree = SDKROOT; };
		00CFDF6A1138442D0091FFFF /* ImageIO.framework */ = {isa = PBXFileReference; lastKnownFileType = wrapper.framework; name = ImageIO.framework; path = System/Library/Frameworks/ImageIO.framework; sourceTree = SDKROOT; };
		DDDDDF6A1138442D0091DDDD /* MobileCoreServices.framework */ = {isa = PBXFileReference; lastKnownFileType = wrapper.framework; name = MobileCoreServices.framework; path = System/Library/Frameworks/MobileCoreServices.framework; sourceTree = SDKROOT; };
		1D30AB110D05D00D00671497 /* Foundation.framework */ = {isa = PBXFileReference; lastKnownFileType = wrapper.framework; name = Foundation.framework; path = System/Library/Frameworks/Foundation.framework; sourceTree = SDKROOT; };
		1DF5F4DF0D08C38300B7A737 /* UIKit.framework */ = {isa = PBXFileReference; lastKnownFileType = wrapper.framework; name = UIKit.framework; path = System/Library/Frameworks/UIKit.framework; sourceTree = SDKROOT; };
		28FD14FF0DC6FC520079059D /* OpenGLES.framework */ = {isa = PBXFileReference; lastKnownFileType = wrapper.framework; name = OpenGLES.framework; path = System/Library/Frameworks/OpenGLES.framework; sourceTree = SDKROOT; };
		28FD15070DC6FC5B0079059D /* QuartzCore.framework */ = {isa = PBXFileReference; lastKnownFileType = wrapper.framework; name = QuartzCore.framework; path = System/Library/Frameworks/QuartzCore.framework; sourceTree = SDKROOT; };
		C725E000121DAC8F00FA186B /* AVFoundation.framework */ = {isa = PBXFileReference; lastKnownFileType = wrapper.framework; name = AVFoundation.framework; path = System/Library/Frameworks/AVFoundation.framework; sourceTree = SDKROOT; };
		C727C02B121B400300192073 /* CoreMedia.framework */ = {isa = PBXFileReference; lastKnownFileType = wrapper.framework; name = CoreMedia.framework; path = System/Library/Frameworks/CoreMedia.framework; sourceTree = SDKROOT; };
		C727C02D121B400300192073 /* CoreVideo.framework */ = {isa = PBXFileReference; lastKnownFileType = wrapper.framework; name = CoreVideo.framework; path = System/Library/Frameworks/CoreVideo.framework; sourceTree = SDKROOT; };
		C7FB19D5124BC0D70045AFD2 /* AudioToolbox.framework */ = {isa = PBXFileReference; lastKnownFileType = wrapper.framework; name = AudioToolbox.framework; path = System/Library/Frameworks/AudioToolbox.framework; sourceTree = SDKROOT; };
		00A66A351965AC8800B17EB3 /* Accelerate.framework */ = {isa = PBXFileReference; lastKnownFileType = wrapper.framework; name = Accelerate.framework; path = System/Library/Frameworks/Accelerate.framework; sourceTree = SDKROOT; };
		00748057165D41390024B57A /* assets */ = {isa = PBXFileReference; lastKnownFileType = folder; name = assets; path = ../assets; sourceTree = "<group>"; };
		0AB6CBD49786400EABF8BBF2 /* AnalyticsSampleApp.cpp */ = {isa = PBXFileReference; lastKnownFileType = sourcecode.c.cpp; path = ../src/AnalyticsSampleApp.cpp; sourceTree = "<group>"; name = AnalyticsSampleApp.cpp; };
		235C09350A7D48598FE02743 /* Resources.h */ = {isa = PBXFileReference; lastKnownFileType = sourcecode.c.h; path = ../include/Resources.h; sourceTree = "<group>"; name = Resources.h; };
		69B789FBDDAB4AD09F25B7F4 /* CinderApp_ios.png */ = {isa = PBXFileReference; lastKnownFileType = "\"\""; path = ../resources/CinderApp_ios.png; sourceTree = "<group>"; name = CinderApp_ios.png; };
		FCA3AEEF8E0C4FE2B16D2278 /* Images.xcassets */ = {isa = PBXFileReference; lastKnownFileType = "\"\""; path = Images.xcassets; sourceTree = "<group>"; name = Images.xcassets; };
		FDC20C513FD9453D888772FF /* LaunchScreen.xib */ = {isa = PBXFileReference; lastKnownFileType = "\"\""; path = LaunchScreen.xib; sourceTree = "<group>"; name = LaunchScreen.xib; };
		98990AAE67C243749B696B80 /* Info.plist */ = {isa = PBXFileReference; lastKnownFileType = text.plist.xml; path = Info.plist; sourceTree = "<group>"; name = Info.plist; };
		B4A4761A7157433EB0AB69B1 /* AnalyticsSample_Prefix.pch */ = {isa = PBXFileReference; lastKnownFileType = "\"\""; path = AnalyticsSample_Prefix.pch; sourceTree = "<group>"; name = AnalyticsSample_Prefix.pch; };
		3DE948953CE940B38C2F669B /* AnalyticsClient.h */ = {isa = PBXFileReference; lastKnownFileType = sourcecode.c.h; path = ../../../src/bluecadet/analytics/AnalyticsClient.h; sourceTree = "<group>"; name = AnalyticsClient.h; };
		75AF75005FBC46CFB219B8F0 /* AnalyticsClient.cpp */ = {isa = PBXFileReference; lastKnownFileType = sourcecode.c.cpp; path = ../../../src/bluecadet/analytics/AnalyticsClient.cpp; sourceTree = "<group>"; name = AnalyticsClient.cpp; };
		02059A34F65E48C89627582D /* GABatch.hpp */ = {isa = PBXFileReference; lastKnownFileType = "\"\""; path = ../../../src/bluecadet/analytics/GABatch.hpp; sourceTree = "<group>"; name = GABatch.hpp; };
		F8A9E2CBEAC24795B9F39379 /* GAEvent.hpp */ = {isa = PBXFileReference; lastKnownFileType = "\"\""; path = ../../../src/bluecadet/analytics/GAEvent.hpp; sourceTree = "<group>"; name = GAEvent.hpp; };
		024FD47DE3D347DAB56DF165 /* GAHit.hpp */ = {isa = PBXFileReference; lastKnownFileType = "\"\""; path = ../../../src/bluecadet/analytics/GAHit.hpp; sourceTree = "<group>"; name = GAHit.hpp; };
		89DD485F815342329373C6D8 /* GAScreenView.hpp */ = {isa = PBXFileReference; lastKnownFileType = "\"\""; path = ../../../src/bluecadet/analytics/GAScreenView.hpp; sourceTree = "<group>"; name = GAScreenView.hpp; };
		2BB64FC40BAF42B8B1B40036 /* ThreadManager.h */ = {isa = PBXFileReference; lastKnownFileType = sourcecode.c.h; path = ../../../src/bluecadet/analytics/utils/ThreadManager.h; sourceTree = "<group>"; name = ThreadManager.h; };
		3E2760137618470ABBB02A9E /* UrlRequest.h */ = {isa = PBXFileReference; lastKnownFileType = sourcecode.c.h; path = ../../../src/bluecadet/analytics/utils/UrlRequest.h; sourceTree = "<group>"; name = UrlRequest.h; };
		D9FD0AEB3F4249068029B100 /* ThreadManager.cpp */ = {isa = PBXFileReference; lastKnownFileType = sourcecode.c.cpp; path = ../../../src/bluecadet/analytics/utils/ThreadManager.cpp; sourceTree = "<group>"; name = ThreadManager.cpp; };
		0436EA4462E54A799D3DC826 /* UrlRequest.cpp */ = {isa = PBXFileReference; lastKnownFileType = sourcecode.c.cpp; path = ../../../src/bluecadet/analytics/utils/UrlRequest.cpp; sourceTree = "<group>"; name = UrlRequest.cpp; };
		5DB6A8DE089549A2BCDF195F /* BodyInterface.h */ = {isa = PBXFileReference; lastKnownFileType = sourcecode.c.h; path = ../../../src/bantherewind/protocol/BodyInterface.h; sourceTree = "<group>"; name = BodyInterface.h; };
		94AD1087799B419DA8A8C4BE /* FtpInterface.h */ = {isa = PBXFileReference; lastKnownFileType = sourcecode.c.h; path = ../../../src/bantherewind/protocol/FtpInterface.h; sourceTree = "<group>"; name = FtpInterface.h; };
		48F2C043D3874A25AF7D9C17 /* FtpRequest.h */ = {isa = PBXFileReference; lastKnownFileType = sourcecode.c.h; path = ../../../src/bantherewind/protocol/FtpRequest.h; sourceTree = "<group>"; name = FtpRequest.h; };
		890F541255C64DF7B6C0EA56 /* FtpResponse.h */ = {isa = PBXFileReference; lastKnownFileType = sourcecode.c.h; path = ../../../src/bantherewind/protocol/FtpResponse.h; sourceTree = "<group>"; name = FtpResponse.h; };
		BA47B550CCB145C59FEDE1EC /* HeaderInterface.h */ = {isa = PBXFileReference; lastKnownFileType = sourcecode.c.h; path = ../../../src/bantherewind/protocol/HeaderInterface.h; sourceTree = "<group>"; name = HeaderInterface.h; };
		28402E937C224246BBF60273 /* HttpInterface.h */ = {isa = PBXFileReference; lastKnownFileType = sourcecode.c.h; path = ../../../src/bantherewind/protocol/HttpInterface.h; sourceTree = "<group>"; name = HttpInterface.h; };
		7083043B61B94DA4BFF75412 /* HttpRequest.h */ = {isa = PBXFileReference; lastKnownFileType = sourcecode.c.h; path = ../../../src/bantherewind/protocol/HttpRequest.h; sourceTree = "<group>"; name = HttpRequest.h; };
		E8DE1782EC96464B830DE3C4 /* HttpResponse.h */ = {isa = PBXFileReference; lastKnownFileType = sourcecode.c.h; path = ../../../src/bantherewind/protocol/HttpResponse.h; sourceTree = "<group>"; name = HttpResponse.h; };
		FAABE9FB43794DEE9E8ECA88 /* KeyValuePairInterface.h */ = {isa = PBXFileReference; lastKnownFileType = sourcecode.c.h; path = ../../../src/bantherewind/protocol/KeyValuePairInterface.h; sourceTree = "<group>"; name = KeyValuePairInterface.h; };
		E56259538A344D678C3C1EFD /* ProtocolInterface.h */ = {isa = PBXFileReference; lastKnownFileType = sourcecode.c.h; path = ../../../src/bantherewind/protocol/ProtocolInterface.h; sourceTree = "<group>"; name = ProtocolInterface.h; };
		85452472B61048D4BD73F8C9 /* BodyInterface.cpp */ = {isa = PBXFileReference; lastKnownFileType = sourcecode.c.cpp; path = ../../../src/bantherewind/protocol/BodyInterface.cpp; sourceTree = "<group>"; name = BodyInterface.cpp; };
		B17504C15D114925BB74A85A /* FtpInterface.cpp */ = {isa = PBXFileReference; lastKnownFileType = sourcecode.c.cpp; path = ../../../src/bantherewind/protocol/FtpInterface.cpp; sourceTree = "<group>"; name = FtpInterface.cpp; };
		40E94AB1F4014500983F80B3 /* FtpRequest.cpp */ = {isa = PBXFileReference; lastKnownFileType = sourcecode.c.cpp; path = ../../../src/bantherewind/protocol/FtpRequest.cpp; sourceTree = "<group>"; name = FtpRequest.cpp; };
		D059F560CA204E3B84C58884 /* FtpResponse.cpp */ = {isa = PBXFileReference; lastKnownFileType = sourcecode.c.cpp; path = ../../../src/bantherewind/protocol/FtpResponse.cpp; sourceTree = "<group>"; name = FtpResponse.cpp; };
		792916AAC48845EA9C1D096C /* HeaderInterface.cpp */ = {isa = PBXFileReference; lastKnownFileType = sourcecode.c.cpp; path = ../../../src/bantherewind/protocol/HeaderInterface.cpp; sourceTree = "<group>"; name = HeaderInterface.cpp; };
		913541FF1F564EA98BEF04EC /* HttpInterface.cpp */ = {isa = PBXFileReference; lastKnownFileType = sourcecode.c.cpp; path = ../../../src/bantherewind/protocol/HttpInterface.cpp; sourceTree = "<group>"; name = HttpInterface.cpp; };
		07C832CE3B8144BF94568273 /* HttpRequest.cpp */ = {isa = PBXFileReference; lastKnownFileType = sourcecode.c.cpp; path = ../../../src/bantherewind/protocol/HttpRequest.cpp; sourceTree = "<group>"; name = HttpRequest.cpp; };
		10825893AAC94343AC96386E /* HttpResponse.cpp */ = {isa = PBXFileReference; lastKnownFileType = sourcecode.c.cpp; path = ../../../src/bantherewind/protocol/HttpResponse.cpp; sourceTree = "<group>"; name = HttpResponse.cpp; };
		9700B9B347A94B369AE9CE9F /* KeyValuePairInterface.cpp */ = {isa = PBXFileReference; lastKnownFileType = sourcecode.c.cpp; path = ../../../src/bantherewind/protocol/KeyValuePairInterface.cpp; sourceTree = "<group>"; name = KeyValuePairInterface.cpp; };
		AFAAAB6227CD497BAA3472CD /* ProtocolInterface.cpp */ = {isa = PBXFileReference; lastKnownFileType = sourcecode.c.cpp; path = ../../../src/bantherewind/protocol/ProtocolInterface.cpp; sourceTree = "<group>"; name = ProtocolInterface.cpp; };
/* End PBXFileReference section */

/* Begin PBXFrameworksBuildPhase section */
		00692BCC14FF149000D0A05E /* Frameworks */ = {
			isa = PBXFrameworksBuildPhase;
			buildActionMask = 2147483647;
			files = (
				C725E001121DAC8F00FA186B /* AVFoundation.framework in Frameworks */,
				C725DFFE121DAC7F00FA186B /* CoreMedia.framework in Frameworks */,
				C725E001121DAC8FFFFA18FF /* ImageIO.framework in Frameworks */,
				DDDDE001121DAC8FFFFADDDD /* MobileCoreServices.framework in Frameworks */,
				1D60589F0D05DD5A006BFB54 /* Foundation.framework in Frameworks */,
				1DF5F4E00D08C38300B7A737 /* UIKit.framework in Frameworks */,
				28FD15000DC6FC520079059D /* OpenGLES.framework in Frameworks */,
				28FD15080DC6FC5B0079059D /* QuartzCore.framework in Frameworks */,
				00CFDF6B1138442D0091E310 /* CoreGraphics.framework in Frameworks */,
				C727C02E121B400300192073 /* CoreVideo.framework in Frameworks */,
				C7FB19D6124BC0D70045AFD2 /* AudioToolbox.framework in Frameworks */,
				00A66A361965AC8800B17EB3 /* Accelerate.framework in Frameworks */,
				0087D25512CD809F002CD69F /* CoreText.framework in Frameworks */,
			);
			runOnlyForDeploymentPostprocessing = 0;
		};
/* End PBXFrameworksBuildPhase section */

/* Begin PBXGroup section */
		00692BC414FF149000D0A05E = {
			isa = PBXGroup;
			children = (
				99692BD914FF149000DFFFFF /* Blocks */,
				99692BD914FF149000D0A05F /* Headers */,
				00692BD914FF149000D0A05E /* Source */,
				00692BD914FF149000D0FFFF /* Resources */,
				00692BD214FF149000D0A05E /* Frameworks */,
				00692BD014FF149000D0A05E /* Products */,
			);
			sourceTree = "<group>";
		};
		00692BD014FF149000D0A05E /* Products */ = {
			isa = PBXGroup;
			children = (
				00692BCF14FF149000D0A05E /* AnalyticsSample.app */,
			);
			name = Products;
			sourceTree = "<group>";
		};
		00692BD214FF149000D0A05E /* Frameworks */ = {
			isa = PBXGroup;
			children = (
				C7FB19D5124BC0D70045AFD2 /* AudioToolbox.framework */,
				00A66A351965AC8800B17EB3 /* Accelerate.framework */,
				C727C02B121B400300192073 /* CoreMedia.framework */,
				C727C02D121B400300192073 /* CoreVideo.framework */,
				28FD15070DC6FC5B0079059D /* QuartzCore.framework */,
				28FD14FF0DC6FC520079059D /* OpenGLES.framework */,
				1DF5F4DF0D08C38300B7A737 /* UIKit.framework */,
				1D30AB110D05D00D00671497 /* Foundation.framework */,
				00CFDF6A1138442D0091E310 /* CoreGraphics.framework */,
				00CFDF6A1138442D0091FFFF /* ImageIO.framework */,
				DDDDDF6A1138442D0091DDDD /* MobileCoreServices.framework */,
				C725E000121DAC8F00FA186B /* AVFoundation.framework */,
				0087D25412CD809F002CD69F /* CoreText.framework */,
			);
			name = Frameworks;
			sourceTree = "<group>";
		};
		159A66684C2546BE882282AF /* utils */ = {
			isa = PBXGroup;
			children = (
				2BB64FC40BAF42B8B1B40036 /* ThreadManager.h */,
				3E2760137618470ABBB02A9E /* UrlRequest.h */,
				D9FD0AEB3F4249068029B100 /* ThreadManager.cpp */,
				0436EA4462E54A799D3DC826 /* UrlRequest.cpp */,
			);
			name = utils;
			sourceTree = "<group>";
		};
		5380510E76FB448F96F61095 /* analytics */ = {
			isa = PBXGroup;
			children = (
				3DE948953CE940B38C2F669B /* AnalyticsClient.h */,
				75AF75005FBC46CFB219B8F0 /* AnalyticsClient.cpp */,
				02059A34F65E48C89627582D /* GABatch.hpp */,
				F8A9E2CBEAC24795B9F39379 /* GAEvent.hpp */,
				024FD47DE3D347DAB56DF165 /* GAHit.hpp */,
				89DD485F815342329373C6D8 /* GAScreenView.hpp */,
				159A66684C2546BE882282AF /* utils */,
			);
			name = analytics;
			sourceTree = "<group>";
		};
		7E8524091124427085812716 /* bluecadet */ = {
			isa = PBXGroup;
			children = (
				5380510E76FB448F96F61095 /* analytics */,
			);
			name = bluecadet;
			sourceTree = "<group>";
		};
		9E8F40F96F1F4378ABC41BF2 /* protocol */ = {
			isa = PBXGroup;
			children = (
				5DB6A8DE089549A2BCDF195F /* BodyInterface.h */,
				94AD1087799B419DA8A8C4BE /* FtpInterface.h */,
				48F2C043D3874A25AF7D9C17 /* FtpRequest.h */,
				890F541255C64DF7B6C0EA56 /* FtpResponse.h */,
				BA47B550CCB145C59FEDE1EC /* HeaderInterface.h */,
				28402E937C224246BBF60273 /* HttpInterface.h */,
				7083043B61B94DA4BFF75412 /* HttpRequest.h */,
				E8DE1782EC96464B830DE3C4 /* HttpResponse.h */,
				FAABE9FB43794DEE9E8ECA88 /* KeyValuePairInterface.h */,
				E56259538A344D678C3C1EFD /* ProtocolInterface.h */,
				85452472B61048D4BD73F8C9 /* BodyInterface.cpp */,
				B17504C15D114925BB74A85A /* FtpInterface.cpp */,
				40E94AB1F4014500983F80B3 /* FtpRequest.cpp */,
				D059F560CA204E3B84C58884 /* FtpResponse.cpp */,
				792916AAC48845EA9C1D096C /* HeaderInterface.cpp */,
				913541FF1F564EA98BEF04EC /* HttpInterface.cpp */,
				07C832CE3B8144BF94568273 /* HttpRequest.cpp */,
				10825893AAC94343AC96386E /* HttpResponse.cpp */,
				9700B9B347A94B369AE9CE9F /* KeyValuePairInterface.cpp */,
				AFAAAB6227CD497BAA3472CD /* ProtocolInterface.cpp */,
			);
			name = protocol;
			sourceTree = "<group>";
		};
		E288758D0AC943AE8B37ADC2 /* bantherewind */ = {
			isa = PBXGroup;
			children = (
				9E8F40F96F1F4378ABC41BF2 /* protocol */,
			);
			name = bantherewind;
			sourceTree = "<group>";
		};
		ADD45A2A780E4247A72B15D8 /* src */ = {
			isa = PBXGroup;
			children = (
				7E8524091124427085812716 /* bluecadet */,
				E288758D0AC943AE8B37ADC2 /* bantherewind */,
			);
			name = src;
			sourceTree = "<group>";
		};
		1BC3E666BA2345D5BF74A25D /* BluecadetAnalytics */ = {
			isa = PBXGroup;
			children = (
				ADD45A2A780E4247A72B15D8 /* src */,
			);
			name = BluecadetAnalytics;
			sourceTree = "<group>";
		};
		99692BD914FF149000DFFFFF /* Blocks */ = {
			isa = PBXGroup;
			children = (
				1BC3E666BA2345D5BF74A25D /* BluecadetAnalytics */,
			);
			name = Blocks;
			sourceTree = "<group>";
		};
		99692BD914FF149000D0A05F /* Headers */ = {
			isa = PBXGroup;
			children = (
				235C09350A7D48598FE02743 /* Resources.h */,
				B4A4761A7157433EB0AB69B1 /* AnalyticsSample_Prefix.pch */,
			);
			name = Headers;
			sourceTree = "<group>";
		};
		00692BD914FF149000D0A05E /* Source */ = {
			isa = PBXGroup;
			children = (
				0AB6CBD49786400EABF8BBF2 /* AnalyticsSampleApp.cpp */,
			);
			name = Source;
			sourceTree = "<group>";
		};
		00692BD914FF149000D0FFFF /* Resources */ = {
			isa = PBXGroup;
			children = (
				00748057165D41390024B57A /* assets */,
				69B789FBDDAB4AD09F25B7F4 /* CinderApp_ios.png */,
				FCA3AEEF8E0C4FE2B16D2278 /* Images.xcassets */,
				FDC20C513FD9453D888772FF /* LaunchScreen.xib */,
				98990AAE67C243749B696B80 /* Info.plist */,
			);
			name = Resources;
			sourceTree = "<group>";
		};
/* End PBXGroup section */

/* Begin PBXNativeTarget section */
		00692BCE14FF149000D0A05E /* AnalyticsSample */ = {
			isa = PBXNativeTarget;
			buildConfigurationList = 00692BF514FF149000D0A05E /* Build configuration list for PBXNativeTarget "AnalyticsSample" */;
			buildPhases = (
				00692BCB14FF149000D0A05E /* Sources */,
				00692BCC14FF149000D0A05E /* Frameworks */,
				00692BCD14FF149000D0A05E /* Resources */,
			);
			buildRules = (
			);
			dependencies = (
			);
			name = AnalyticsSample;
			productName = AnalyticsSample;
			productReference = 00692BCF14FF149000D0A05E /* AnalyticsSample.app */;
			productType = "com.apple.product-type.application";
		};
/* End PBXNativeTarget section */

/* Begin PBXProject section */
		00692BC614FF149000D0A05E /* Project object */ = {
			isa = PBXProject;
			buildConfigurationList = 00692BC914FF149000D0A05E /* Build configuration list for PBXProject "AnalyticsSample" */;
			compatibilityVersion = "Xcode 3.2";
			developmentRegion = English;
			hasScannedForEncodings = 0;
			knownRegions = (
				en,
			);
			mainGroup = 00692BC414FF149000D0A05E;
			productRefGroup = 00692BD014FF149000D0A05E /* Products */;
			projectDirPath = "";
			projectRoot = "";
			targets = (
				00692BCE14FF149000D0A05E /* AnalyticsSample */,
			);
		};
/* End PBXProject section */

/* Begin PBXResourcesBuildPhase section */
		00692BCD14FF149000D0A05E /* Resources */ = {
			isa = PBXResourcesBuildPhase;
			buildActionMask = 2147483647;
			files = (
				00748058165D41390024B57A /* assets in Resources */,
				2951DB3D4D8449388A7EE019 /* CinderApp_ios.png in Resources */,
				E206D84C87BF4476A69ACD7C /* Images.xcassets in Resources */,
				12D05A9C776E4C51B11C3F12 /* LaunchScreen.xib in Resources */,
			);
			runOnlyForDeploymentPostprocessing = 0;
		};
/* End PBXResourcesBuildPhase section */

/* Begin PBXSourcesBuildPhase section */
		00692BCB14FF149000D0A05E /* Sources */ = {
			isa = PBXSourcesBuildPhase;
			buildActionMask = 2147483647;
			files = (
				BF9AEFD6711F4D2580C1711C /* AnalyticsSampleApp.cpp in Sources */,
				9EE7BD0AF9B340AEB89EEB96 /* AnalyticsClient.cpp in Sources */,
				E176A02219AB47088386CC61 /* GABatch.hpp in Sources */,
				EEAD825CEEAE41D9ACA0441F /* GAEvent.hpp in Sources */,
				A60B85032CCC4DF782F6E38B /* GAHit.hpp in Sources */,
				8F46D3F888FC4483BE422453 /* GAScreenView.hpp in Sources */,
				2918C21FB28E46F685EC9D67 /* ThreadManager.cpp in Sources */,
				8C09751F64EA49F98C8387C5 /* UrlRequest.cpp in Sources */,
				AAC3282A20294DEB9C8A4A5D /* BodyInterface.cpp in Sources */,
				818CA6ED24124E3A99E41B28 /* FtpInterface.cpp in Sources */,
				78E44F66BDB84DE29FF2D25F /* FtpRequest.cpp in Sources */,
				5C3426E28D9E40C19339D0EA /* FtpResponse.cpp in Sources */,
				E7E7375D0D844D6FAB46AF2F /* HeaderInterface.cpp in Sources */,
				3781A01AE0774EE19B8D35AE /* HttpInterface.cpp in Sources */,
				9539C2D2D5C34864838BA9EC /* HttpRequest.cpp in Sources */,
				713091143EAA4AD8A2D5CB79 /* HttpResponse.cpp in Sources */,
				8E3E9AB8EB1844F0A3F0056D /* KeyValuePairInterface.cpp in Sources */,
				9DB98A4C97484895BC0AD3AE /* ProtocolInterface.cpp in Sources */,
			);
			runOnlyForDeploymentPostprocessing = 0;
		};
/* End PBXSourcesBuildPhase section */

/* Begin XCBuildConfiguration section */
		00692BF314FF149000D0A05E /* Debug */ = {
			isa = XCBuildConfiguration;
			buildSettings = {
				ASSETCATALOG_COMPILER_LAUNCHIMAGE_NAME = "LaunchImage";
				DEAD_CODE_STRIPPING = YES;
				CLANG_CXX_LANGUAGE_STANDARD = "c++11";
				CLANG_CXX_LIBRARY = "libc++";
				ARCHS = "armv7 arm64";
				ALWAYS_SEARCH_USER_PATHS = NO;
				"CODE_SIGN_IDENTITY[sdk=iphoneos*]" = "iPhone Developer";
				COPY_PHASE_STRIP = NO;
				GCC_C_LANGUAGE_STANDARD = gnu99;
				GCC_DYNAMIC_NO_PIC = NO;
				GCC_OPTIMIZATION_LEVEL = 0;
				GCC_PREPROCESSOR_DEFINITIONS = (
					"DEBUG=1",
					"$(inherited)",
				);
				GCC_SYMBOLS_PRIVATE_EXTERN = NO;
				GCC_VERSION = com.apple.compilers.llvm.clang.1_0;
				GCC_WARN_ABOUT_MISSING_PROTOTYPES = YES;
				GCC_WARN_ABOUT_RETURN_TYPE = YES;
				GCC_WARN_UNUSED_VARIABLE = YES;
				IPHONEOS_DEPLOYMENT_TARGET = 6.0;
				SDKROOT = iphoneos;
				TARGETED_DEVICE_FAMILY = "1,2";
				CINDER_PATH = "../../../../..";
				HEADER_SEARCH_PATHS = "\"$(CINDER_PATH)/include\"";
				USER_HEADER_SEARCH_PATHS = (
					"\"$(CINDER_PATH)/include\" ../include",
					../../../src,
				);
			};
			name = Debug;
		};
		00692BF414FF149000D0A05E /* Release */ = {
			isa = XCBuildConfiguration;
			buildSettings = {
				ASSETCATALOG_COMPILER_LAUNCHIMAGE_NAME = "LaunchImage";
				DEAD_CODE_STRIPPING = YES;
				CLANG_CXX_LANGUAGE_STANDARD = "c++11";
				CLANG_CXX_LIBRARY = "libc++";
				ALWAYS_SEARCH_USER_PATHS = NO;
				ARCHS = "$(ARCHS_STANDARD)";
				"CODE_SIGN_IDENTITY[sdk=iphoneos*]" = "iPhone Developer";
				COPY_PHASE_STRIP = YES;
				GCC_C_LANGUAGE_STANDARD = gnu99;
				GCC_PREPROCESSOR_DEFINITIONS = (
					"NDEBUG=1",
					"$(inherited)",
				);
				GCC_VERSION = com.apple.compilers.llvm.clang.1_0;
				GCC_WARN_ABOUT_MISSING_PROTOTYPES = YES;
				GCC_WARN_ABOUT_RETURN_TYPE = YES;
				GCC_WARN_UNUSED_VARIABLE = YES;
				IPHONEOS_DEPLOYMENT_TARGET = 6.0;
				OTHER_CFLAGS = "-DNS_BLOCK_ASSERTIONS=1";
				SDKROOT = iphoneos;
				TARGETED_DEVICE_FAMILY = "1,2";
				VALIDATE_PRODUCT = YES;
				CINDER_PATH = "../../../../..";
				HEADER_SEARCH_PATHS = "\"$(CINDER_PATH)/include\"";
				USER_HEADER_SEARCH_PATHS = (
					"\"$(CINDER_PATH)/include\" ../include",
					../../../src,
				);
			};
			name = Release;
		};
		00692BF614FF149000D0A05E /* Debug */ = {
			isa = XCBuildConfiguration;
			buildSettings = {
				GCC_PRECOMPILE_PREFIX_HEADER = YES;
				GCC_PREFIX_HEADER = "AnalyticsSample_Prefix.pch";
				INFOPLIST_FILE = "Info.plist";
				PRODUCT_NAME = "$(TARGET_NAME)";
				WRAPPER_EXTENSION = app;
				"OTHER_LDFLAGS[sdk=iphoneos*][arch=*]" = (
					"\"$(CINDER_PATH)/lib/libcinder-iphone_d.a\"",
					"-lz",
				);
				"OTHER_LDFLAGS[sdk=iphonesimulator*][arch=*]" = (
					"\"$(CINDER_PATH)/lib/libcinder-iphone-sim_d.a\"",
					"-lz",
				);
			};
			name = Debug;
		};
		00692BF714FF149000D0A05E /* Release */ = {
			isa = XCBuildConfiguration;
			buildSettings = {
				GCC_PRECOMPILE_PREFIX_HEADER = YES;
				GCC_PREFIX_HEADER = "AnalyticsSample_Prefix.pch";
				INFOPLIST_FILE = "Info.plist";
				PRODUCT_NAME = "$(TARGET_NAME)";
				WRAPPER_EXTENSION = app;
				"OTHER_LDFLAGS[sdk=iphoneos*][arch=*]" = (
					"\"$(CINDER_PATH)/lib/libcinder-iphone.a\"",
					"-lz",
				);
				"OTHER_LDFLAGS[sdk=iphonesimulator*][arch=*]" = (
					"\"$(CINDER_PATH)/lib/libcinder-iphone-sim.a\"",
					"-lz",
				);
			};
			name = Release;
		};
/* End XCBuildConfiguration section */

/* Begin XCConfigurationList section */
		00692BC914FF149000D0A05E /* Build configuration list for PBXProject "AnalyticsSample" */ = {
			isa = XCConfigurationList;
			buildConfigurations = (
				00692BF314FF149000D0A05E /* Debug */,
				00692BF414FF149000D0A05E /* Release */,
			);
			defaultConfigurationIsVisible = 0;
			defaultConfigurationName = Release;
		};
		00692BF514FF149000D0A05E /* Build configuration list for PBXNativeTarget "AnalyticsSample" */ = {
			isa = XCConfigurationList;
			buildConfigurations = (
				00692BF614FF149000D0A05E /* Debug */,
				00692BF714FF149000D0A05E /* Release */,
			);
			defaultConfigurationIsVisible = 0;
			defaultConfigurationName = Release;
		};
/* End XCConfigurationList section */
	};
	rootObject = 00692BC614FF149000D0A05E /* Project object */;
}
